{
  "version": 4,
  "terraform_version": "0.12.20",
  "serial": 31,
  "lineage": "d11c5fff-71dc-3592-f35d-dbaf140ea192",
  "outputs": {},
  "resources": [
    {
      "mode": "managed",
      "type": "boundary_account",
      "name": "devops_user_acct",
      "each": "map",
      "provider": "provider.boundary",
      "instances": [
        {
          "index_key": "Akram",
          "schema_version": 0,
          "attributes": {
            "auth_method_id": "ampw_CIhhSeaWIO",
            "description": "User account for Akram",
            "id": "apw_gEKSakUvQR",
            "login_name": "akram",
            "name": "Akram",
            "password": "password",
            "type": "password"
          },
          "private": "bnVsbA==",
          "dependencies": [
            "boundary_auth_method.password",
            "boundary_scope.global",
            "boundary_scope.org"
          ]
        },
        {
          "index_key": "Guillaume",
          "schema_version": 0,
          "attributes": {
            "auth_method_id": "ampw_CIhhSeaWIO",
            "description": "User account for Guillaume",
            "id": "apw_4kzY7VA0PX",
            "login_name": "guillaume",
            "name": "Guillaume",
            "password": "password",
            "type": "password"
          },
          "private": "bnVsbA==",
          "dependencies": [
            "boundary_auth_method.password",
            "boundary_scope.global",
            "boundary_scope.org"
          ]
        },
        {
          "index_key": "Lorris",
          "schema_version": 0,
          "attributes": {
            "auth_method_id": "ampw_CIhhSeaWIO",
            "description": "User account for Lorris",
            "id": "apw_EpY0vBESdO",
            "login_name": "lorris",
            "name": "Lorris",
            "password": "password",
            "type": "password"
          },
          "private": "bnVsbA==",
          "dependencies": [
            "boundary_auth_method.password",
            "boundary_scope.global",
            "boundary_scope.org"
          ]
        },
        {
          "index_key": "Michel",
          "schema_version": 0,
          "attributes": {
            "auth_method_id": "ampw_CIhhSeaWIO",
            "description": "User account for Michel",
            "id": "apw_VuVG7hNl2i",
            "login_name": "michel",
            "name": "Michel",
            "password": "password",
            "type": "password"
          },
          "private": "bnVsbA==",
          "dependencies": [
            "boundary_auth_method.password",
            "boundary_scope.global",
            "boundary_scope.org"
          ]
        },
        {
          "index_key": "Tristan",
          "schema_version": 0,
          "attributes": {
            "auth_method_id": "ampw_CIhhSeaWIO",
            "description": "User account for Tristan",
            "id": "apw_AeenGAPlQg",
            "login_name": "tristan",
            "name": "Tristan",
            "password": "password",
            "type": "password"
          },
          "private": "bnVsbA==",
          "dependencies": [
            "boundary_auth_method.password",
            "boundary_scope.global",
            "boundary_scope.org"
          ]
        }
      ]
    },
    {
      "mode": "managed",
      "type": "boundary_account",
      "name": "leadership_users_acct",
      "each": "map",
      "provider": "provider.boundary",
      "instances": [
        {
          "index_key": "Gille",
          "schema_version": 0,
          "attributes": {
            "auth_method_id": "ampw_CIhhSeaWIO",
            "description": "User account for Gille",
            "id": "apw_rs3bF1ibQs",
            "login_name": "gille",
            "name": "Gille",
            "password": "password",
            "type": "password"
          },
          "private": "bnVsbA==",
          "dependencies": [
            "boundary_auth_method.password",
            "boundary_scope.global",
            "boundary_scope.org"
          ]
        },
        {
          "index_key": "Ludovic",
          "schema_version": 0,
          "attributes": {
            "auth_method_id": "ampw_CIhhSeaWIO",
            "description": "User account for Ludovic",
            "id": "apw_X9pggSCkJU",
            "login_name": "ludovic",
            "name": "Ludovic",
            "password": "password",
            "type": "password"
          },
          "private": "bnVsbA==",
          "dependencies": [
            "boundary_auth_method.password",
            "boundary_scope.global",
            "boundary_scope.org"
          ]
        }
      ]
    },
    {
      "mode": "managed",
      "type": "boundary_auth_method",
      "name": "password",
      "provider": "provider.boundary",
      "instances": [
        {
          "schema_version": 0,
          "attributes": {
            "description": "",
            "id": "ampw_CIhhSeaWIO",
            "min_login_name_length": 3,
            "min_password_length": 8,
            "name": "org_auth_method",
            "scope_id": "o_ZEGDjoXpfi",
            "type": "password"
          },
          "private": "bnVsbA==",
          "dependencies": [
            "boundary_scope.global",
            "boundary_scope.org"
          ]
        }
      ]
    },
    {
      "mode": "managed",
      "type": "boundary_group",
      "name": "devops",
      "provider": "provider.boundary",
      "instances": [
        {
          "schema_version": 0,
          "attributes": {
            "description": "Organization group for devops users",
            "id": "g_cR9fGRqLpy",
            "member_ids": [
              "u_M97KXjbJQp",
              "u_UwvxuY4zSU",
              "u_XjyK2rqClA",
              "u_pPYoX9pURv",
              "u_reL0pnn7sN"
            ],
            "name": "DevOps",
            "scope_id": "o_ZEGDjoXpfi"
          },
          "private": "bnVsbA==",
          "dependencies": [
            "boundary_account.devops_user_acct",
            "boundary_auth_method.password",
            "boundary_scope.global",
            "boundary_scope.org",
            "boundary_user.devops_users"
          ]
        }
      ]
    },
    {
      "mode": "managed",
      "type": "boundary_group",
      "name": "leadership",
      "provider": "provider.boundary",
      "instances": [
        {
          "schema_version": 0,
          "attributes": {
            "description": "Organization group for leadership users",
            "id": "g_YgtsbXwwSn",
            "member_ids": [
              "u_2TOJJT5Iac",
              "u_dDfcrHblsK"
            ],
            "name": "Leadership",
            "scope_id": "o_ZEGDjoXpfi"
          },
          "private": "bnVsbA==",
          "dependencies": [
            "boundary_account.leadership_users_acct",
            "boundary_auth_method.password",
            "boundary_scope.global",
            "boundary_scope.org",
            "boundary_user.leadership_users"
          ]
        }
      ]
    },
    {
      "mode": "managed",
      "type": "boundary_host",
      "name": "backend_servers",
      "each": "map",
      "provider": "provider.boundary",
      "instances": [
        {
          "index_key": "localhost",
          "schema_version": 0,
          "attributes": {
            "address": "localhost",
            "description": "Backend server host",
            "host_catalog_id": "hcst_vjyrEdlM4E",
            "id": "hst_APvtSVDPNK",
            "name": "backend_server_service_localhost",
            "type": "static"
          },
          "private": "bnVsbA==",
          "dependencies": [
            "boundary_host_catalog.backend_servers",
            "boundary_scope.global",
            "boundary_scope.infra",
            "boundary_scope.org"
          ]
        }
      ]
    },
    {
      "mode": "managed",
      "type": "boundary_host_catalog",
      "name": "backend_servers",
      "provider": "provider.boundary",
      "instances": [
        {
          "schema_version": 0,
          "attributes": {
            "description": "Backend servers host catalog",
            "id": "hcst_vjyrEdlM4E",
            "name": "backend_servers",
            "scope_id": "p_JPMrObWCjA",
            "type": "static"
          },
          "private": "bnVsbA==",
          "dependencies": [
            "boundary_scope.global",
            "boundary_scope.infra",
            "boundary_scope.org"
          ]
        }
      ]
    },
    {
      "mode": "managed",
      "type": "boundary_host_set",
      "name": "backend_servers_ssh",
      "provider": "provider.boundary",
      "instances": [
        {
          "schema_version": 0,
          "attributes": {
            "description": "Host set for backend servers",
            "host_catalog_id": "hcst_vjyrEdlM4E",
            "host_ids": [
              "hst_APvtSVDPNK"
            ],
            "id": "hsst_DhaEL7d3CS",
            "name": "backend_servers_ssh",
            "type": "static"
          },
          "private": "bnVsbA==",
          "dependencies": [
            "boundary_host.backend_servers",
            "boundary_host_catalog.backend_servers",
            "boundary_scope.global",
            "boundary_scope.infra",
            "boundary_scope.org"
          ]
        }
      ]
    },
    {
      "mode": "managed",
      "type": "boundary_role",
      "name": "org_admin",
      "provider": "provider.boundary",
      "instances": [
        {
          "schema_version": 0,
          "attributes": {
            "default_role": null,
            "description": "Administrator role for org",
            "grant_scope_id": "o_ZEGDjoXpfi",
            "grant_strings": [
              "id=*;type=*;actions=*"
            ],
            "id": "r_bxfmYsPZsg",
            "name": "org_admin",
            "principal_ids": [
              "u_M97KXjbJQp",
              "u_UwvxuY4zSU",
              "u_XjyK2rqClA",
              "u_pPYoX9pURv",
              "u_reL0pnn7sN"
            ],
            "scope_id": "global"
          },
          "private": "bnVsbA==",
          "dependencies": [
            "boundary_account.devops_user_acct",
            "boundary_auth_method.password",
            "boundary_scope.global",
            "boundary_scope.org",
            "boundary_user.devops_users"
          ]
        }
      ]
    },
    {
      "mode": "managed",
      "type": "boundary_role",
      "name": "org_readonly",
      "provider": "provider.boundary",
      "instances": [
        {
          "schema_version": 0,
          "attributes": {
            "default_role": null,
            "description": "read-only role for org",
            "grant_scope_id": "o_ZEGDjoXpfi",
            "grant_strings": [
              "id=*;type=*;actions=read,change-password"
            ],
            "id": "r_HfcLmSvTi4",
            "name": "readonly",
            "principal_ids": [
              "g_YgtsbXwwSn"
            ],
            "scope_id": "global"
          },
          "private": "bnVsbA==",
          "dependencies": [
            "boundary_account.leadership_users_acct",
            "boundary_auth_method.password",
            "boundary_group.leadership",
            "boundary_scope.global",
            "boundary_scope.org",
            "boundary_user.leadership_users"
          ]
        }
      ]
    },
    {
      "mode": "managed",
      "type": "boundary_role",
      "name": "project_admin",
      "provider": "provider.boundary",
      "instances": [
        {
          "schema_version": 0,
          "attributes": {
            "default_role": null,
            "description": "Administrator role for infra",
            "grant_scope_id": "p_JPMrObWCjA",
            "grant_strings": [
              "id=*;type=*;actions=*"
            ],
            "id": "r_18MzeQx7jX",
            "name": "infra_admin",
            "principal_ids": [
              "u_M97KXjbJQp",
              "u_UwvxuY4zSU",
              "u_XjyK2rqClA",
              "u_pPYoX9pURv",
              "u_reL0pnn7sN"
            ],
            "scope_id": "o_ZEGDjoXpfi"
          },
          "private": "bnVsbA==",
          "dependencies": [
            "boundary_account.devops_user_acct",
            "boundary_auth_method.password",
            "boundary_scope.global",
            "boundary_scope.infra",
            "boundary_scope.org",
            "boundary_user.devops_users"
          ]
        }
      ]
    },
    {
      "mode": "managed",
      "type": "boundary_scope",
      "name": "global",
      "provider": "provider.boundary",
      "instances": [
        {
          "schema_version": 0,
          "attributes": {
            "auto_create_admin_role": null,
            "auto_create_default_role": null,
            "description": "Global Scope",
            "global_scope": true,
            "id": "global",
            "name": "global",
            "scope_id": "global"
          },
          "private": "bnVsbA=="
        }
      ]
    },
    {
      "mode": "managed",
      "type": "boundary_scope",
      "name": "infra",
      "provider": "provider.boundary",
      "instances": [
        {
          "schema_version": 0,
          "attributes": {
            "auto_create_admin_role": true,
            "auto_create_default_role": null,
            "description": "Testing Project",
            "global_scope": null,
            "id": "p_JPMrObWCjA",
            "name": "INFRA",
            "scope_id": "o_ZEGDjoXpfi"
          },
          "private": "bnVsbA==",
          "dependencies": [
            "boundary_scope.global",
            "boundary_scope.org"
          ]
        }
      ]
    },
    {
      "mode": "managed",
      "type": "boundary_scope",
      "name": "org",
      "provider": "provider.boundary",
      "instances": [
        {
          "schema_version": 0,
          "attributes": {
            "auto_create_admin_role": true,
            "auto_create_default_role": true,
            "description": "Testing Scope",
            "global_scope": null,
            "id": "o_ZEGDjoXpfi",
            "name": "Inova",
            "scope_id": "global"
          },
          "private": "bnVsbA==",
          "dependencies": [
            "boundary_scope.global"
          ]
        }
      ]
    },
    {
      "mode": "managed",
      "type": "boundary_target",
      "name": "backend_servers_service",
      "provider": "provider.boundary",
      "instances": [
        {
          "schema_version": 0,
          "attributes": {
            "default_port": 5000,
            "description": "Backend service target",
            "host_set_ids": [
              "hsst_DhaEL7d3CS"
            ],
            "id": "ttcp_PQZdsBhZoA",
            "name": "Backend service",
            "scope_id": "p_JPMrObWCjA",
            "session_connection_limit": 1,
            "session_max_seconds": 28800,
            "type": "tcp"
          },
          "private": "bnVsbA==",
          "dependencies": [
            "boundary_host.backend_servers",
            "boundary_host_catalog.backend_servers",
            "boundary_host_set.backend_servers_ssh",
            "boundary_scope.global",
            "boundary_scope.infra",
            "boundary_scope.org"
          ]
        }
      ]
    },
    {
      "mode": "managed",
      "type": "boundary_target",
      "name": "backend_servers_ssh",
      "provider": "provider.boundary",
      "instances": [
        {
          "schema_version": 0,
          "attributes": {
            "default_port": 2225,
            "description": "Backend SSH target",
            "host_set_ids": [
              "hsst_DhaEL7d3CS"
            ],
            "id": "ttcp_OzLlKfRJNN",
            "name": "Backend servers",
            "scope_id": "p_JPMrObWCjA",
            "session_connection_limit": 1,
            "session_max_seconds": 28800,
            "type": "tcp"
          },
          "private": "bnVsbA==",
          "dependencies": [
            "boundary_host.backend_servers",
            "boundary_host_catalog.backend_servers",
            "boundary_host_set.backend_servers_ssh",
            "boundary_scope.global",
            "boundary_scope.infra",
            "boundary_scope.org"
          ]
        }
      ]
    },
    {
      "mode": "managed",
      "type": "boundary_user",
      "name": "devops_users",
      "each": "map",
      "provider": "provider.boundary",
      "instances": [
        {
          "index_key": "Akram",
          "schema_version": 0,
          "attributes": {
            "account_ids": [
              "apw_gEKSakUvQR"
            ],
            "description": "DevOps user: Akram",
            "id": "u_XjyK2rqClA",
            "name": "Akram",
            "scope_id": "o_ZEGDjoXpfi"
          },
          "private": "bnVsbA==",
          "dependencies": [
            "boundary_account.devops_user_acct",
            "boundary_auth_method.password",
            "boundary_scope.global",
            "boundary_scope.org"
          ]
        },
        {
          "index_key": "Guillaume",
          "schema_version": 0,
          "attributes": {
            "account_ids": [
              "apw_4kzY7VA0PX"
            ],
            "description": "DevOps user: Guillaume",
            "id": "u_pPYoX9pURv",
            "name": "Guillaume",
            "scope_id": "o_ZEGDjoXpfi"
          },
          "private": "bnVsbA==",
          "dependencies": [
            "boundary_account.devops_user_acct",
            "boundary_auth_method.password",
            "boundary_scope.global",
            "boundary_scope.org"
          ]
        },
        {
          "index_key": "Lorris",
          "schema_version": 0,
          "attributes": {
            "account_ids": [
              "apw_EpY0vBESdO"
            ],
            "description": "DevOps user: Lorris",
            "id": "u_reL0pnn7sN",
            "name": "Lorris",
            "scope_id": "o_ZEGDjoXpfi"
          },
          "private": "bnVsbA==",
          "dependencies": [
            "boundary_account.devops_user_acct",
            "boundary_auth_method.password",
            "boundary_scope.global",
            "boundary_scope.org"
          ]
        },
        {
          "index_key": "Michel",
          "schema_version": 0,
          "attributes": {
            "account_ids": [
              "apw_VuVG7hNl2i"
            ],
            "description": "DevOps user: Michel",
            "id": "u_M97KXjbJQp",
            "name": "Michel",
            "scope_id": "o_ZEGDjoXpfi"
          },
          "private": "bnVsbA==",
          "dependencies": [
            "boundary_account.devops_user_acct",
            "boundary_auth_method.password",
            "boundary_scope.global",
            "boundary_scope.org"
          ]
        },
        {
          "index_key": "Tristan",
          "schema_version": 0,
          "attributes": {
            "account_ids": [
              "apw_AeenGAPlQg"
            ],
            "description": "DevOps user: Tristan",
            "id": "u_UwvxuY4zSU",
            "name": "Tristan",
            "scope_id": "o_ZEGDjoXpfi"
          },
          "private": "bnVsbA==",
          "dependencies": [
            "boundary_account.devops_user_acct",
            "boundary_auth_method.password",
            "boundary_scope.global",
            "boundary_scope.org"
          ]
        }
      ]
    },
    {
      "mode": "managed",
      "type": "boundary_user",
      "name": "leadership_users",
      "each": "map",
      "provider": "provider.boundary",
      "instances": [
        {
          "index_key": "Gille",
          "schema_version": 0,
          "attributes": {
            "account_ids": [
              "apw_rs3bF1ibQs"
            ],
            "description": "ReadOnly user: Gille",
            "id": "u_2TOJJT5Iac",
            "name": "Gille",
            "scope_id": "o_ZEGDjoXpfi"
          },
          "private": "bnVsbA==",
          "dependencies": [
            "boundary_account.leadership_users_acct",
            "boundary_auth_method.password",
            "boundary_scope.global",
            "boundary_scope.org"
          ]
        },
        {
          "index_key": "Ludovic",
          "schema_version": 0,
          "attributes": {
            "account_ids": [
              "apw_X9pggSCkJU"
            ],
            "description": "ReadOnly user: Ludovic",
            "id": "u_dDfcrHblsK",
            "name": "Ludovic",
            "scope_id": "o_ZEGDjoXpfi"
          },
          "private": "bnVsbA==",
          "dependencies": [
            "boundary_account.leadership_users_acct",
            "boundary_auth_method.password",
            "boundary_scope.global",
            "boundary_scope.org"
          ]
        }
      ]
    }
  ]
}
