{
  "version": 4,
  "terraform_version": "0.12.20",
  "serial": 117,
  "lineage": "dabfb542-6b77-4f1e-ec21-b6bb51b68396",
  "outputs": {},
  "resources": [
    {
      "mode": "managed",
      "type": "boundary_account",
      "name": "users_account",
      "each": "map",
      "provider": "provider.boundary",
      "instances": [
        {
          "index_key": "Akram",
          "schema_version": 0,
          "attributes": {
            "auth_method_id": "ampw_JkhSeYZzGK",
            "description": "User account for Akram",
            "id": "apw_LHIoWDsLMd",
            "login_name": "akram",
            "name": "Akram",
            "password": "password",
            "type": "password"
          },
          "private": "bnVsbA==",
          "dependencies": [
            "boundary_auth_method.password"
          ]
        },
        {
          "index_key": "Guillaume",
          "schema_version": 0,
          "attributes": {
            "auth_method_id": "ampw_JkhSeYZzGK",
            "description": "User account for Guillaume",
            "id": "apw_tYuxVIFkeD",
            "login_name": "guillaume",
            "name": "Guillaume",
            "password": "password",
            "type": "password"
          },
          "private": "bnVsbA==",
          "dependencies": [
            "boundary_auth_method.password"
          ]
        },
        {
          "index_key": "Lorris",
          "schema_version": 0,
          "attributes": {
            "auth_method_id": "ampw_JkhSeYZzGK",
            "description": "User account for Lorris",
            "id": "apw_C3bGvgGN4V",
            "login_name": "lorris",
            "name": "Lorris",
            "password": "password",
            "type": "password"
          },
          "private": "bnVsbA==",
          "dependencies": [
            "boundary_auth_method.password"
          ]
        },
        {
          "index_key": "Michel",
          "schema_version": 0,
          "attributes": {
            "auth_method_id": "ampw_JkhSeYZzGK",
            "description": "User account for Michel",
            "id": "apw_lTHY4j8t5v",
            "login_name": "michel",
            "name": "Michel",
            "password": "password",
            "type": "password"
          },
          "private": "bnVsbA==",
          "dependencies": [
            "boundary_auth_method.password"
          ]
        },
        {
          "index_key": "Tristan",
          "schema_version": 0,
          "attributes": {
            "auth_method_id": "ampw_JkhSeYZzGK",
            "description": "User account for Tristan",
            "id": "apw_WB3PgDtOLV",
            "login_name": "tristan",
            "name": "Tristan",
            "password": "password",
            "type": "password"
          },
          "private": "bnVsbA==",
          "dependencies": [
            "boundary_auth_method.password"
          ]
        }
      ]
    },
    {
      "mode": "managed",
      "type": "boundary_auth_method",
      "name": "password",
      "provider": "provider.boundary",
      "instances": [
        {
          "schema_version": 0,
          "attributes": {
            "description": "",
            "id": "ampw_JkhSeYZzGK",
            "min_login_name_length": 3,
            "min_password_length": 8,
            "name": "Corp Password",
            "scope_id": "o_lI72hkos8J",
            "type": "password"
          },
          "private": "bnVsbA==",
          "dependencies": [
            "boundary_scope.corp",
            "boundary_scope.global"
          ]
        }
      ]
    },
    {
      "mode": "managed",
      "type": "boundary_group",
      "name": "devops",
      "provider": "provider.boundary",
      "instances": [
        {
          "schema_version": 0,
          "attributes": {
            "description": "Organization group for devops users",
            "id": "g_79NL8ylYxr",
            "member_ids": [
              "u_NEUUcxPITB",
              "u_RVoXwuB5rB",
              "u_ZNEa5r9M4E",
              "u_Zn1dbkCHGf",
              "u_d3xEeI3nyK"
            ],
            "name": "DevOps",
            "scope_id": "o_lI72hkos8J"
          },
          "private": "bnVsbA==",
          "dependencies": [
            "boundary_scope.corp",
            "boundary_user.devops_users"
          ]
        }
      ]
    },
    {
      "mode": "managed",
      "type": "boundary_group",
      "name": "readonly",
      "provider": "provider.boundary",
      "instances": [
        {
          "schema_version": 0,
          "attributes": {
            "description": "Organization group for readonly users",
            "id": "g_yL4duXUNRP",
            "member_ids": [
              "u_77wFB1mCWv",
              "u_8heAAiCnG2"
            ],
            "name": "read-only",
            "scope_id": "o_lI72hkos8J"
          },
          "private": "bnVsbA==",
          "dependencies": [
            "boundary_scope.corp",
            "boundary_scope.global",
            "boundary_user.readonly_users"
          ]
        }
      ]
    },
    {
      "mode": "managed",
      "type": "boundary_host",
      "name": "backend_servers",
      "each": "map",
      "provider": "provider.boundary",
      "instances": [
        {
          "index_key": "10.1.0.1",
          "schema_version": 0,
          "attributes": {
            "address": "10.1.0.1",
            "description": "Backend server host",
            "host_catalog_id": "hcst_LunCEf3cHd",
            "id": "hst_BzbHaCljEm",
            "name": "backend_server_service_10.1.0.1",
            "type": "static"
          },
          "private": "bnVsbA==",
          "dependencies": [
            "boundary_host_catalog.backend_servers",
            "boundary_scope.corp",
            "boundary_scope.global",
            "boundary_scope.infra"
          ]
        },
        {
          "index_key": "localhost",
          "schema_version": 0,
          "attributes": {
            "address": "localhost",
            "description": "Backend server host",
            "host_catalog_id": "hcst_LunCEf3cHd",
            "id": "hst_hfBqqzk8q5",
            "name": "backend_server_service_localhost",
            "type": "static"
          },
          "private": "bnVsbA==",
          "dependencies": [
            "boundary_host_catalog.backend_servers",
            "boundary_scope.corp",
            "boundary_scope.global",
            "boundary_scope.infra"
          ]
        }
      ]
    },
    {
      "mode": "managed",
      "type": "boundary_host_catalog",
      "name": "backend_servers",
      "provider": "provider.boundary",
      "instances": [
        {
          "schema_version": 0,
          "attributes": {
            "description": "Backend servers host catalog",
            "id": "hcst_LunCEf3cHd",
            "name": "backend_servers",
            "scope_id": "p_0LjYikWzvJ",
            "type": "static"
          },
          "private": "bnVsbA==",
          "dependencies": [
            "boundary_scope.corp",
            "boundary_scope.global",
            "boundary_scope.infra"
          ]
        }
      ]
    },
    {
      "mode": "managed",
      "type": "boundary_host_set",
      "name": "backend_servers_ssh",
      "provider": "provider.boundary",
      "instances": [
        {
          "schema_version": 0,
          "attributes": {
            "description": "Host set for backend servers",
            "host_catalog_id": "hcst_LunCEf3cHd",
            "host_ids": [
              "hst_BzbHaCljEm",
              "hst_hfBqqzk8q5"
            ],
            "id": "hsst_o0OeNrO4sa",
            "name": "backend_servers_ssh",
            "type": "static"
          },
          "private": "bnVsbA==",
          "dependencies": [
            "boundary_host.backend_servers",
            "boundary_host_catalog.backend_servers",
            "boundary_scope.corp",
            "boundary_scope.global",
            "boundary_scope.infra"
          ]
        }
      ]
    },
    {
      "mode": "managed",
      "type": "boundary_role",
      "name": "organization_admin",
      "provider": "provider.boundary",
      "instances": [
        {
          "schema_version": 0,
          "attributes": {
            "default_role": null,
            "description": "Administrator role",
            "grant_scope_id": "o_lI72hkos8J",
            "grant_strings": [
              "id=*;type=*;actions=create,read,update,delete"
            ],
            "id": "r_A6zcbyLj9P",
            "name": "admin",
            "principal_ids": [
              "u_NEUUcxPITB",
              "u_RVoXwuB5rB",
              "u_ZNEa5r9M4E",
              "u_Zn1dbkCHGf",
              "u_d3xEeI3nyK"
            ],
            "scope_id": "o_lI72hkos8J"
          },
          "private": "bnVsbA==",
          "dependencies": [
            "boundary_scope.corp",
            "boundary_user.devops_users"
          ]
        }
      ]
    },
    {
      "mode": "managed",
      "type": "boundary_role",
      "name": "organization_readonly",
      "provider": "provider.boundary",
      "instances": [
        {
          "schema_version": 0,
          "attributes": {
            "default_role": null,
            "description": "read-only role",
            "grant_scope_id": "o_lI72hkos8J",
            "grant_strings": [
              "id=*;type=*;actions=read"
            ],
            "id": "r_QrOxCflQmB",
            "name": "read-only",
            "principal_ids": [
              "g_yL4duXUNRP"
            ],
            "scope_id": "o_lI72hkos8J"
          },
          "private": "bnVsbA==",
          "dependencies": [
            "boundary_group.readonly",
            "boundary_scope.corp"
          ]
        }
      ]
    },
    {
      "mode": "managed",
      "type": "boundary_scope",
      "name": "corp",
      "provider": "provider.boundary",
      "instances": [
        {
          "schema_version": 0,
          "attributes": {
            "auto_create_admin_role": true,
            "auto_create_default_role": true,
            "description": "First Scope",
            "global_scope": null,
            "id": "o_lI72hkos8J",
            "name": "Inova",
            "scope_id": "global"
          },
          "private": "bnVsbA==",
          "dependencies": [
            "boundary_scope.global"
          ]
        }
      ]
    },
    {
      "mode": "managed",
      "type": "boundary_scope",
      "name": "global",
      "provider": "provider.boundary",
      "instances": [
        {
          "schema_version": 0,
          "attributes": {
            "auto_create_admin_role": null,
            "auto_create_default_role": null,
            "description": "My first global scope!",
            "global_scope": true,
            "id": "global",
            "name": "",
            "scope_id": "global"
          },
          "private": "bnVsbA=="
        }
      ]
    },
    {
      "mode": "managed",
      "type": "boundary_scope",
      "name": "infra",
      "provider": "provider.boundary",
      "instances": [
        {
          "schema_version": 0,
          "attributes": {
            "auto_create_admin_role": true,
            "auto_create_default_role": null,
            "description": "testing project",
            "global_scope": null,
            "id": "p_0LjYikWzvJ",
            "name": "infrastructure",
            "scope_id": "o_lI72hkos8J"
          },
          "private": "bnVsbA==",
          "dependencies": [
            "boundary_scope.corp",
            "boundary_scope.global"
          ]
        }
      ]
    },
    {
      "mode": "managed",
      "type": "boundary_target",
      "name": "backend_servers_service",
      "provider": "provider.boundary",
      "instances": [
        {
          "schema_version": 0,
          "attributes": {
            "default_port": 5000,
            "description": "Backend service target",
            "host_set_ids": [
              "hsst_o0OeNrO4sa"
            ],
            "id": "ttcp_Hyg2jogFH0",
            "name": "Backend service",
            "scope_id": "p_0LjYikWzvJ",
            "session_connection_limit": 1,
            "session_max_seconds": 28800,
            "type": "tcp"
          },
          "private": "bnVsbA==",
          "dependencies": [
            "boundary_host.backend_servers",
            "boundary_host_catalog.backend_servers",
            "boundary_host_set.backend_servers_ssh",
            "boundary_scope.corp",
            "boundary_scope.global",
            "boundary_scope.infra"
          ]
        }
      ]
    },
    {
      "mode": "managed",
      "type": "boundary_target",
      "name": "backend_servers_ssh",
      "provider": "provider.boundary",
      "instances": [
        {
          "schema_version": 0,
          "attributes": {
            "default_port": 2225,
            "description": "Backend SSH target",
            "host_set_ids": [
              "hsst_o0OeNrO4sa"
            ],
            "id": "ttcp_23YIRSDwbN",
            "name": "Backend servers",
            "scope_id": "p_0LjYikWzvJ",
            "session_connection_limit": 1,
            "session_max_seconds": 28800,
            "type": "tcp"
          },
          "private": "bnVsbA==",
          "dependencies": [
            "boundary_host.backend_servers",
            "boundary_host_catalog.backend_servers",
            "boundary_host_set.backend_servers_ssh",
            "boundary_scope.corp",
            "boundary_scope.global",
            "boundary_scope.infra"
          ]
        }
      ]
    },
    {
      "mode": "managed",
      "type": "boundary_user",
      "name": "devops_users",
      "each": "map",
      "provider": "provider.boundary",
      "instances": [
        {
          "index_key": "Akram",
          "schema_version": 0,
          "attributes": {
            "account_ids": [],
            "description": "User resource for Akram",
            "id": "u_NEUUcxPITB",
            "name": "Akram",
            "scope_id": "o_lI72hkos8J"
          },
          "private": "bnVsbA==",
          "dependencies": [
            "boundary_scope.corp"
          ]
        },
        {
          "index_key": "Guillaume",
          "schema_version": 0,
          "attributes": {
            "account_ids": [],
            "description": "User resource for Guillaume",
            "id": "u_Zn1dbkCHGf",
            "name": "Guillaume",
            "scope_id": "o_lI72hkos8J"
          },
          "private": "bnVsbA==",
          "dependencies": [
            "boundary_scope.corp"
          ]
        },
        {
          "index_key": "Lorris",
          "schema_version": 0,
          "attributes": {
            "account_ids": [],
            "description": "User resource for Lorris",
            "id": "u_ZNEa5r9M4E",
            "name": "Lorris",
            "scope_id": "o_lI72hkos8J"
          },
          "private": "bnVsbA==",
          "dependencies": [
            "boundary_scope.corp"
          ]
        },
        {
          "index_key": "Michel",
          "schema_version": 0,
          "attributes": {
            "account_ids": [],
            "description": "User resource for Michel",
            "id": "u_d3xEeI3nyK",
            "name": "Michel",
            "scope_id": "o_lI72hkos8J"
          },
          "private": "bnVsbA==",
          "dependencies": [
            "boundary_scope.corp"
          ]
        },
        {
          "index_key": "Tristan",
          "schema_version": 0,
          "attributes": {
            "account_ids": [],
            "description": "User resource for Tristan",
            "id": "u_RVoXwuB5rB",
            "name": "Tristan",
            "scope_id": "o_lI72hkos8J"
          },
          "private": "bnVsbA==",
          "dependencies": [
            "boundary_scope.corp"
          ]
        }
      ]
    },
    {
      "mode": "managed",
      "type": "boundary_user",
      "name": "readonly_users",
      "each": "map",
      "provider": "provider.boundary",
      "instances": [
        {
          "index_key": "Frank",
          "schema_version": 0,
          "attributes": {
            "account_ids": [],
            "description": "User resource for Frank",
            "id": "u_8heAAiCnG2",
            "name": "Frank",
            "scope_id": "o_lI72hkos8J"
          },
          "private": "bnVsbA==",
          "dependencies": [
            "boundary_scope.corp",
            "boundary_scope.global"
          ]
        },
        {
          "index_key": "Ludovic",
          "schema_version": 0,
          "attributes": {
            "account_ids": [],
            "description": "User resource for Ludovic",
            "id": "u_77wFB1mCWv",
            "name": "Ludovic",
            "scope_id": "o_lI72hkos8J"
          },
          "private": "bnVsbA==",
          "dependencies": [
            "boundary_scope.corp",
            "boundary_scope.global"
          ]
        }
      ]
    }
  ]
}
